
Microsoft Visual Studio Solution File, Format Version 12.00
# Visual Studio Version 16
VisualStudioVersion = 16.0.31005.135
MinimumVisualStudioVersion = 10.0.40219.1
Project("{2150E333-8FDC-42A3-9474-1A3956D46DE8}") = "service", "service", "{0DDA8E83-701F-4CD2-B3F0-719D31F60EFF}"
EndProject
Project("{2150E333-8FDC-42A3-9474-1A3956D46DE8}") = "service-common", "service-common", "{E6A92AF3-0BA3-4984-B4F5-3411762380EC}"
EndProject
Project("{2150E333-8FDC-42A3-9474-1A3956D46DE8}") = "client", "client", "{388A436F-EB80-4E41-906D-54C6211249C9}"
EndProject
Project("{2150E333-8FDC-42A3-9474-1A3956D46DE8}") = "common", "common", "{DFA28A16-7313-4000-BBA0-D6633B256EE5}"
EndProject
Project("{2150E333-8FDC-42A3-9474-1A3956D46DE8}") = "Tools", "Tools", "{C95E5C12-F710-422E-8F28-3FCD52BE169E}"
	ProjectSection(SolutionItems) = preProject
		example.txt = example.txt
	EndProjectSection
EndProject
Project("{9A19103F-16F7-4668-BE54-9A1E7A4F7556}") = "Baisse.CommonLibrary", "Common\Baisse.CommonLibrary\Baisse.CommonLibrary.csproj", "{F7B6B6CC-531C-4513-9A49-9424D083A3AF}"
EndProject
Project("{9A19103F-16F7-4668-BE54-9A1E7A4F7556}") = "Baisse.StudyCommon", "Service-Common\Baisse.StudyCommon\Baisse.StudyCommon.csproj", "{62E26EF5-0E43-4060-A8F4-FEDB41D33D7A}"
EndProject
Project("{9A19103F-16F7-4668-BE54-9A1E7A4F7556}") = "CodeGenerator", "Tools\CodeGenerator\CodeGenerator.csproj", "{41864554-3E43-4750-832A-37E1B40E864D}"
EndProject
Project("{2150E333-8FDC-42A3-9474-1A3956D46DE8}") = "study", "study", "{F3EDBDC9-D71B-4D2D-B08A-42E39469670F}"
EndProject
Project("{9A19103F-16F7-4668-BE54-9A1E7A4F7556}") = "StudyML.Net", "Study\StudyML.Net\StudyML.Net.csproj", "{C1965D69-E65C-4C42-9F47-C0F7EDCF6269}"
EndProject
Project("{FAE04EC0-301F-11D3-BF4B-00C04F79EFBC}") = "WindowsFormsKeyboardHook", "Tools\WindowsFormsKeyboardHook\WindowsFormsKeyboardHook.csproj", "{3114FC60-BBD7-4D75-800E-7962EF624FB4}"
EndProject
Project("{2150E333-8FDC-42A3-9474-1A3956D46DE8}") = "web", "web", "{B8C67BD9-DEF9-4582-BB71-3D618A59A4BC}"
EndProject
Project("{9A19103F-16F7-4668-BE54-9A1E7A4F7556}") = "PressureTest", "Tools\PressureTest\PressureTest.csproj", "{BE2B0462-C0BB-414A-A1EF-B6C1783F5FF7}"
EndProject
Project("{9A19103F-16F7-4668-BE54-9A1E7A4F7556}") = "Api.Server", "web\Api.Server\Api.Server.csproj", "{B224F813-C3BB-4A3D-92FD-42D6BBEB38D0}"
EndProject
Project("{9A19103F-16F7-4668-BE54-9A1E7A4F7556}") = "Baisse.Model", "Common\Baisse.ModelResult\Baisse.Model.csproj", "{D2AE93EE-FE3A-4EDF-BD40-2E1E28092B00}"
EndProject
Project("{9A19103F-16F7-4668-BE54-9A1E7A4F7556}") = "Baisse.StudyService", "Service\Baisse.StudyService\Baisse.StudyService.csproj", "{542C0515-1FD2-46DD-87E7-E2DA7E1C4F85}"
EndProject
Project("{2150E333-8FDC-42A3-9474-1A3956D46DE8}") = "document", "document", "{630D84E3-A452-43A0-B155-A46FF78DCD92}"
EndProject
Project("{9A19103F-16F7-4668-BE54-9A1E7A4F7556}") = "StudySocketServices", "Study\StudySocket\StudySocketServices.csproj", "{51567F00-8D3B-4DD4-8DC9-83C78A9F8D2B}"
EndProject
Project("{9A19103F-16F7-4668-BE54-9A1E7A4F7556}") = "StudySocketClient", "Study\StudySocketClient\StudySocketClient.csproj", "{F58F6AA2-277E-41FD-BE23-27C35E41733B}"
EndProject
Project("{9A19103F-16F7-4668-BE54-9A1E7A4F7556}") = "Baisse.Common", "Common\Baisse.Common\Baisse.Common.csproj", "{08F57638-2FDF-48B8-AD3C-E97CBFB18624}"
EndProject
Project("{9A19103F-16F7-4668-BE54-9A1E7A4F7556}") = "Baisse.BaseDataService", "Service\Baisse.BaseDataService\Baisse.BaseDataService.csproj", "{063F91B0-A782-48BB-ABE9-9941C1C23FC1}"
EndProject
Project("{9A19103F-16F7-4668-BE54-9A1E7A4F7556}") = "Baisse.BaseDataCommon", "Service-Common\Baisse.BaseDataCommon\Baisse.BaseDataCommon.csproj", "{348D62B4-C1E3-47EF-9B17-8A52BD31FB9A}"
EndProject
Project("{9A19103F-16F7-4668-BE54-9A1E7A4F7556}") = "TCP_Client1", "Clinet\TCP_Client1\TCP_Client1.csproj", "{B8AAE8C9-FA71-41C7-BC73-D22FBFB86FFE}"
EndProject
Global
	GlobalSection(SolutionConfigurationPlatforms) = preSolution
		Debug|Any CPU = Debug|Any CPU
		Release|Any CPU = Release|Any CPU
	EndGlobalSection
	GlobalSection(ProjectConfigurationPlatforms) = postSolution
		{F7B6B6CC-531C-4513-9A49-9424D083A3AF}.Debug|Any CPU.ActiveCfg = Debug|Any CPU
		{F7B6B6CC-531C-4513-9A49-9424D083A3AF}.Debug|Any CPU.Build.0 = Debug|Any CPU
		{F7B6B6CC-531C-4513-9A49-9424D083A3AF}.Release|Any CPU.ActiveCfg = Release|Any CPU
		{F7B6B6CC-531C-4513-9A49-9424D083A3AF}.Release|Any CPU.Build.0 = Release|Any CPU
		{62E26EF5-0E43-4060-A8F4-FEDB41D33D7A}.Debug|Any CPU.ActiveCfg = Debug|Any CPU
		{62E26EF5-0E43-4060-A8F4-FEDB41D33D7A}.Debug|Any CPU.Build.0 = Debug|Any CPU
		{62E26EF5-0E43-4060-A8F4-FEDB41D33D7A}.Release|Any CPU.ActiveCfg = Release|Any CPU
		{62E26EF5-0E43-4060-A8F4-FEDB41D33D7A}.Release|Any CPU.Build.0 = Release|Any CPU
		{41864554-3E43-4750-832A-37E1B40E864D}.Debug|Any CPU.ActiveCfg = Debug|Any CPU
		{41864554-3E43-4750-832A-37E1B40E864D}.Debug|Any CPU.Build.0 = Debug|Any CPU
		{41864554-3E43-4750-832A-37E1B40E864D}.Release|Any CPU.ActiveCfg = Release|Any CPU
		{41864554-3E43-4750-832A-37E1B40E864D}.Release|Any CPU.Build.0 = Release|Any CPU
		{C1965D69-E65C-4C42-9F47-C0F7EDCF6269}.Debug|Any CPU.ActiveCfg = Debug|Any CPU
		{C1965D69-E65C-4C42-9F47-C0F7EDCF6269}.Debug|Any CPU.Build.0 = Debug|Any CPU
		{C1965D69-E65C-4C42-9F47-C0F7EDCF6269}.Release|Any CPU.ActiveCfg = Release|Any CPU
		{C1965D69-E65C-4C42-9F47-C0F7EDCF6269}.Release|Any CPU.Build.0 = Release|Any CPU
		{3114FC60-BBD7-4D75-800E-7962EF624FB4}.Debug|Any CPU.ActiveCfg = Debug|Any CPU
		{3114FC60-BBD7-4D75-800E-7962EF624FB4}.Debug|Any CPU.Build.0 = Debug|Any CPU
		{3114FC60-BBD7-4D75-800E-7962EF624FB4}.Release|Any CPU.ActiveCfg = Release|Any CPU
		{3114FC60-BBD7-4D75-800E-7962EF624FB4}.Release|Any CPU.Build.0 = Release|Any CPU
		{BE2B0462-C0BB-414A-A1EF-B6C1783F5FF7}.Debug|Any CPU.ActiveCfg = Debug|Any CPU
		{BE2B0462-C0BB-414A-A1EF-B6C1783F5FF7}.Debug|Any CPU.Build.0 = Debug|Any CPU
		{BE2B0462-C0BB-414A-A1EF-B6C1783F5FF7}.Release|Any CPU.ActiveCfg = Release|Any CPU
		{BE2B0462-C0BB-414A-A1EF-B6C1783F5FF7}.Release|Any CPU.Build.0 = Release|Any CPU
		{B224F813-C3BB-4A3D-92FD-42D6BBEB38D0}.Debug|Any CPU.ActiveCfg = Debug|Any CPU
		{B224F813-C3BB-4A3D-92FD-42D6BBEB38D0}.Debug|Any CPU.Build.0 = Debug|Any CPU
		{B224F813-C3BB-4A3D-92FD-42D6BBEB38D0}.Release|Any CPU.ActiveCfg = Release|Any CPU
		{B224F813-C3BB-4A3D-92FD-42D6BBEB38D0}.Release|Any CPU.Build.0 = Release|Any CPU
		{D2AE93EE-FE3A-4EDF-BD40-2E1E28092B00}.Debug|Any CPU.ActiveCfg = Debug|Any CPU
		{D2AE93EE-FE3A-4EDF-BD40-2E1E28092B00}.Debug|Any CPU.Build.0 = Debug|Any CPU
		{D2AE93EE-FE3A-4EDF-BD40-2E1E28092B00}.Release|Any CPU.ActiveCfg = Release|Any CPU
		{D2AE93EE-FE3A-4EDF-BD40-2E1E28092B00}.Release|Any CPU.Build.0 = Release|Any CPU
		{542C0515-1FD2-46DD-87E7-E2DA7E1C4F85}.Debug|Any CPU.ActiveCfg = Debug|Any CPU
		{542C0515-1FD2-46DD-87E7-E2DA7E1C4F85}.Debug|Any CPU.Build.0 = Debug|Any CPU
		{542C0515-1FD2-46DD-87E7-E2DA7E1C4F85}.Release|Any CPU.ActiveCfg = Release|Any CPU
		{542C0515-1FD2-46DD-87E7-E2DA7E1C4F85}.Release|Any CPU.Build.0 = Release|Any CPU
		{51567F00-8D3B-4DD4-8DC9-83C78A9F8D2B}.Debug|Any CPU.ActiveCfg = Debug|Any CPU
		{51567F00-8D3B-4DD4-8DC9-83C78A9F8D2B}.Debug|Any CPU.Build.0 = Debug|Any CPU
		{51567F00-8D3B-4DD4-8DC9-83C78A9F8D2B}.Release|Any CPU.ActiveCfg = Release|Any CPU
		{51567F00-8D3B-4DD4-8DC9-83C78A9F8D2B}.Release|Any CPU.Build.0 = Release|Any CPU
		{F58F6AA2-277E-41FD-BE23-27C35E41733B}.Debug|Any CPU.ActiveCfg = Debug|Any CPU
		{F58F6AA2-277E-41FD-BE23-27C35E41733B}.Debug|Any CPU.Build.0 = Debug|Any CPU
		{F58F6AA2-277E-41FD-BE23-27C35E41733B}.Release|Any CPU.ActiveCfg = Release|Any CPU
		{F58F6AA2-277E-41FD-BE23-27C35E41733B}.Release|Any CPU.Build.0 = Release|Any CPU
		{08F57638-2FDF-48B8-AD3C-E97CBFB18624}.Debug|Any CPU.ActiveCfg = Debug|Any CPU
		{08F57638-2FDF-48B8-AD3C-E97CBFB18624}.Debug|Any CPU.Build.0 = Debug|Any CPU
		{08F57638-2FDF-48B8-AD3C-E97CBFB18624}.Release|Any CPU.ActiveCfg = Release|Any CPU
		{08F57638-2FDF-48B8-AD3C-E97CBFB18624}.Release|Any CPU.Build.0 = Release|Any CPU
		{063F91B0-A782-48BB-ABE9-9941C1C23FC1}.Debug|Any CPU.ActiveCfg = Debug|Any CPU
		{063F91B0-A782-48BB-ABE9-9941C1C23FC1}.Debug|Any CPU.Build.0 = Debug|Any CPU
		{063F91B0-A782-48BB-ABE9-9941C1C23FC1}.Release|Any CPU.ActiveCfg = Release|Any CPU
		{063F91B0-A782-48BB-ABE9-9941C1C23FC1}.Release|Any CPU.Build.0 = Release|Any CPU
		{348D62B4-C1E3-47EF-9B17-8A52BD31FB9A}.Debug|Any CPU.ActiveCfg = Debug|Any CPU
		{348D62B4-C1E3-47EF-9B17-8A52BD31FB9A}.Debug|Any CPU.Build.0 = Debug|Any CPU
		{348D62B4-C1E3-47EF-9B17-8A52BD31FB9A}.Release|Any CPU.ActiveCfg = Release|Any CPU
		{348D62B4-C1E3-47EF-9B17-8A52BD31FB9A}.Release|Any CPU.Build.0 = Release|Any CPU
		{B8AAE8C9-FA71-41C7-BC73-D22FBFB86FFE}.Debug|Any CPU.ActiveCfg = Debug|Any CPU
		{B8AAE8C9-FA71-41C7-BC73-D22FBFB86FFE}.Debug|Any CPU.Build.0 = Debug|Any CPU
		{B8AAE8C9-FA71-41C7-BC73-D22FBFB86FFE}.Release|Any CPU.ActiveCfg = Release|Any CPU
		{B8AAE8C9-FA71-41C7-BC73-D22FBFB86FFE}.Release|Any CPU.Build.0 = Release|Any CPU
	EndGlobalSection
	GlobalSection(SolutionProperties) = preSolution
		HideSolutionNode = FALSE
	EndGlobalSection
	GlobalSection(NestedProjects) = preSolution
		{F7B6B6CC-531C-4513-9A49-9424D083A3AF} = {DFA28A16-7313-4000-BBA0-D6633B256EE5}
		{62E26EF5-0E43-4060-A8F4-FEDB41D33D7A} = {E6A92AF3-0BA3-4984-B4F5-3411762380EC}
		{41864554-3E43-4750-832A-37E1B40E864D} = {C95E5C12-F710-422E-8F28-3FCD52BE169E}
		{C1965D69-E65C-4C42-9F47-C0F7EDCF6269} = {F3EDBDC9-D71B-4D2D-B08A-42E39469670F}
		{3114FC60-BBD7-4D75-800E-7962EF624FB4} = {C95E5C12-F710-422E-8F28-3FCD52BE169E}
		{BE2B0462-C0BB-414A-A1EF-B6C1783F5FF7} = {C95E5C12-F710-422E-8F28-3FCD52BE169E}
		{B224F813-C3BB-4A3D-92FD-42D6BBEB38D0} = {B8C67BD9-DEF9-4582-BB71-3D618A59A4BC}
		{D2AE93EE-FE3A-4EDF-BD40-2E1E28092B00} = {DFA28A16-7313-4000-BBA0-D6633B256EE5}
		{542C0515-1FD2-46DD-87E7-E2DA7E1C4F85} = {0DDA8E83-701F-4CD2-B3F0-719D31F60EFF}
		{51567F00-8D3B-4DD4-8DC9-83C78A9F8D2B} = {F3EDBDC9-D71B-4D2D-B08A-42E39469670F}
		{F58F6AA2-277E-41FD-BE23-27C35E41733B} = {F3EDBDC9-D71B-4D2D-B08A-42E39469670F}
		{08F57638-2FDF-48B8-AD3C-E97CBFB18624} = {DFA28A16-7313-4000-BBA0-D6633B256EE5}
		{063F91B0-A782-48BB-ABE9-9941C1C23FC1} = {0DDA8E83-701F-4CD2-B3F0-719D31F60EFF}
		{348D62B4-C1E3-47EF-9B17-8A52BD31FB9A} = {E6A92AF3-0BA3-4984-B4F5-3411762380EC}
		{B8AAE8C9-FA71-41C7-BC73-D22FBFB86FFE} = {388A436F-EB80-4E41-906D-54C6211249C9}
	EndGlobalSection
	GlobalSection(ExtensibilityGlobals) = postSolution
		SolutionGuid = {3E6D8EE1-BBD8-4E65-9E94-531FF8C6E1B9}
	EndGlobalSection
EndGlobal
